
Microsoft Visual Studio Solution File, Format Version 12.00
# Visual Studio Version 17
VisualStudioVersion = 17.11.35312.102
MinimumVisualStudioVersion = 10.0.40219.1
Project("{FAE04EC0-301F-11D3-BF4B-00C04F79EFBC}") = "WinFormsAppCaKoi", "WinFormsAppCaKoi\WinFormsAppCaKoi.csproj", "{B9EF3533-B72C-47D5-87CB-9FA83829B91C}"
EndProject
Global
	GlobalSection(SolutionConfigurationPlatforms) = preSolution
		Debug|Any CPU = Debug|Any CPU
		Release|Any CPU = Release|Any CPU
	EndGlobalSection
	GlobalSection(ProjectConfigurationPlatforms) = postSolution
		{B9EF3533-B72C-47D5-87CB-9FA83829B91C}.Debug|Any CPU.ActiveCfg = Debug|Any CPU
		{B9EF3533-B72C-47D5-87CB-9FA83829B91C}.Debug|Any CPU.Build.0 = Debug|Any CPU
		{B9EF3533-B72C-47D5-87CB-9FA83829B91C}.Release|Any CPU.ActiveCfg = Release|Any CPU
		{B9EF3533-B72C-47D5-87CB-9FA83829B91C}.Release|Any CPU.Build.0 = Release|Any CPU
	EndGlobalSection
	GlobalSection(SolutionProperties) = preSolution
		HideSolutionNode = FALSE
	EndGlobalSection
	GlobalSection(ExtensibilityGlobals) = postSolution
		SolutionGuid = {E55C41C1-C852-44BF-93F1-5C8AB50BB2C6}
	EndGlobalSection
EndGlobal
