
Microsoft Visual Studio Solution File, Format Version 12.00
# Visual Studio Version 17
VisualStudioVersion = 17.11.35312.102
MinimumVisualStudioVersion = 10.0.40219.1
Project("{FAE04EC0-301F-11D3-BF4B-00C04F79EFBC}") = "KOI Competition", "KOI Competition\KOI Competition.csproj", "{90C81FD2-49D1-433B-BCE9-70397B228724}"
EndProject
Global
	GlobalSection(SolutionConfigurationPlatforms) = preSolution
		Debug|Any CPU = Debug|Any CPU
		Release|Any CPU = Release|Any CPU
	EndGlobalSection
	GlobalSection(ProjectConfigurationPlatforms) = postSolution
		{90C81FD2-49D1-433B-BCE9-70397B228724}.Debug|Any CPU.ActiveCfg = Debug|Any CPU
		{90C81FD2-49D1-433B-BCE9-70397B228724}.Debug|Any CPU.Build.0 = Debug|Any CPU
		{90C81FD2-49D1-433B-BCE9-70397B228724}.Release|Any CPU.ActiveCfg = Release|Any CPU
		{90C81FD2-49D1-433B-BCE9-70397B228724}.Release|Any CPU.Build.0 = Release|Any CPU
	EndGlobalSection
	GlobalSection(SolutionProperties) = preSolution
		HideSolutionNode = FALSE
	EndGlobalSection
	GlobalSection(ExtensibilityGlobals) = postSolution
		SolutionGuid = {C09E0274-9E08-42E9-86A8-BEDE66B72292}
	EndGlobalSection
EndGlobal
